
Microsoft Visual Studio Solution File, Format Version 12.00
# Visual Studio Version 16
VisualStudioVersion = 16.0.30621.155
MinimumVisualStudioVersion = 10.0.40219.1
Project("{FAE04EC0-301F-11D3-BF4B-00C04F79EFBC}") = "BlogCaNhan.Web", "BlogCaNhan.Web\BlogCaNhan.Web.csproj", "{42E9B6BB-46B9-4645-AECD-6E6F934CD33F}"
EndProject
Project("{FAE04EC0-301F-11D3-BF4B-00C04F79EFBC}") = "BlogCaNhan.DTOs", "BlogCaNhan.DTOs\BlogCaNhan.DTOs.csproj", "{A018E920-2AE7-41D2-A6A8-AEED82332060}"
EndProject
Project("{FAE04EC0-301F-11D3-BF4B-00C04F79EFBC}") = "BlogCaNhan.Data", "BlogCaNhan.Data\BlogCaNhan.Data.csproj", "{1F13FABF-6ED4-4DB8-9491-2D0F53BFAD59}"
EndProject
Global
	GlobalSection(SolutionConfigurationPlatforms) = preSolution
		Debug|Any CPU = Debug|Any CPU
		Release|Any CPU = Release|Any CPU
	EndGlobalSection
	GlobalSection(ProjectConfigurationPlatforms) = postSolution
		{42E9B6BB-46B9-4645-AECD-6E6F934CD33F}.Debug|Any CPU.ActiveCfg = Debug|Any CPU
		{42E9B6BB-46B9-4645-AECD-6E6F934CD33F}.Debug|Any CPU.Build.0 = Debug|Any CPU
		{42E9B6BB-46B9-4645-AECD-6E6F934CD33F}.Release|Any CPU.ActiveCfg = Release|Any CPU
		{42E9B6BB-46B9-4645-AECD-6E6F934CD33F}.Release|Any CPU.Build.0 = Release|Any CPU
		{A018E920-2AE7-41D2-A6A8-AEED82332060}.Debug|Any CPU.ActiveCfg = Debug|Any CPU
		{A018E920-2AE7-41D2-A6A8-AEED82332060}.Debug|Any CPU.Build.0 = Debug|Any CPU
		{A018E920-2AE7-41D2-A6A8-AEED82332060}.Release|Any CPU.ActiveCfg = Release|Any CPU
		{A018E920-2AE7-41D2-A6A8-AEED82332060}.Release|Any CPU.Build.0 = Release|Any CPU
		{1F13FABF-6ED4-4DB8-9491-2D0F53BFAD59}.Debug|Any CPU.ActiveCfg = Debug|Any CPU
		{1F13FABF-6ED4-4DB8-9491-2D0F53BFAD59}.Debug|Any CPU.Build.0 = Debug|Any CPU
		{1F13FABF-6ED4-4DB8-9491-2D0F53BFAD59}.Release|Any CPU.ActiveCfg = Release|Any CPU
		{1F13FABF-6ED4-4DB8-9491-2D0F53BFAD59}.Release|Any CPU.Build.0 = Release|Any CPU
	EndGlobalSection
	GlobalSection(SolutionProperties) = preSolution
		HideSolutionNode = FALSE
	EndGlobalSection
	GlobalSection(ExtensibilityGlobals) = postSolution
		SolutionGuid = {0992641F-D2F6-4BC5-AD47-D32FE7908A98}
	EndGlobalSection
EndGlobal
